// !$*UTF8*$!
{
	archiveVersion = 1;
	classes = {
	};
	objectVersion = 46;
	objects = {

/* Begin PBXBuildFile section */
		9E10AD9F19E00006006F8B24 /* Bolts.framework in Frameworks */ = {isa = PBXBuildFile; fileRef = 9E10AD9E19E00006006F8B24 /* Bolts.framework */; };
		9E10ADA119E00034006F8B24 /* Parse.framework in Frameworks */ = {isa = PBXBuildFile; fileRef = 9E10ADA019E00034006F8B24 /* Parse.framework */; };
		9E10ADA319E0003F006F8B24 /* ParseFacebookUtils.framework in Frameworks */ = {isa = PBXBuildFile; fileRef = 9E10ADA219E0003F006F8B24 /* ParseFacebookUtils.framework */; };
		9E10ADA819E00072006F8B24 /* AudioToolbox.framework in Frameworks */ = {isa = PBXBuildFile; fileRef = 9E10ADA419E00072006F8B24 /* AudioToolbox.framework */; };
		9E10ADA919E00072006F8B24 /* CFNetwork.framework in Frameworks */ = {isa = PBXBuildFile; fileRef = 9E10ADA519E00072006F8B24 /* CFNetwork.framework */; };
		9E10ADAA19E00072006F8B24 /* CoreGraphics.framework in Frameworks */ = {isa = PBXBuildFile; fileRef = 9E10ADA619E00072006F8B24 /* CoreGraphics.framework */; };
		9E10ADAB19E00072006F8B24 /* CoreLocation.framework in Frameworks */ = {isa = PBXBuildFile; fileRef = 9E10ADA719E00072006F8B24 /* CoreLocation.framework */; };
		9E10ADB219E00098006F8B24 /* libz.dylib in Frameworks */ = {isa = PBXBuildFile; fileRef = 9E10ADAC19E00098006F8B24 /* libz.dylib */; };
		9E10ADB319E00098006F8B24 /* MobileCoreServices.framework in Frameworks */ = {isa = PBXBuildFile; fileRef = 9E10ADAD19E00098006F8B24 /* MobileCoreServices.framework */; };
		9E10ADB419E00098006F8B24 /* QuartzCore.framework in Frameworks */ = {isa = PBXBuildFile; fileRef = 9E10ADAE19E00098006F8B24 /* QuartzCore.framework */; };
		9E10ADB519E00098006F8B24 /* Security.framework in Frameworks */ = {isa = PBXBuildFile; fileRef = 9E10ADAF19E00098006F8B24 /* Security.framework */; };
		9E10ADB619E00098006F8B24 /* StoreKit.framework in Frameworks */ = {isa = PBXBuildFile; fileRef = 9E10ADB019E00098006F8B24 /* StoreKit.framework */; };
		9E10ADB719E00098006F8B24 /* SystemConfiguration.framework in Frameworks */ = {isa = PBXBuildFile; fileRef = 9E10ADB119E00098006F8B24 /* SystemConfiguration.framework */; };
		D2037C6F19DFEE12000C960E /* main.m in Sources */ = {isa = PBXBuildFile; fileRef = D2037C6E19DFEE12000C960E /* main.m */; };
		D2037C7219DFEE12000C960E /* AppDelegate.m in Sources */ = {isa = PBXBuildFile; fileRef = D2037C7119DFEE12000C960E /* AppDelegate.m */; };
		D2037C7519DFEE12000C960E /* ViewController.m in Sources */ = {isa = PBXBuildFile; fileRef = D2037C7419DFEE12000C960E /* ViewController.m */; };
		D2037C7819DFEE12000C960E /* Main.storyboard in Resources */ = {isa = PBXBuildFile; fileRef = D2037C7619DFEE12000C960E /* Main.storyboard */; };
		D2037C7A19DFEE12000C960E /* Images.xcassets in Resources */ = {isa = PBXBuildFile; fileRef = D2037C7919DFEE12000C960E /* Images.xcassets */; };
		D2037C7D19DFEE12000C960E /* LaunchScreen.xib in Resources */ = {isa = PBXBuildFile; fileRef = D2037C7B19DFEE12000C960E /* LaunchScreen.xib */; };
		D2037C8919DFEE12000C960E /* LunchTests.m in Sources */ = {isa = PBXBuildFile; fileRef = D2037C8819DFEE12000C960E /* LunchTests.m */; };
/* End PBXBuildFile section */

/* Begin PBXContainerItemProxy section */
		D2037C8319DFEE12000C960E /* PBXContainerItemProxy */ = {
			isa = PBXContainerItemProxy;
			containerPortal = D2037C6119DFEE11000C960E /* Project object */;
			proxyType = 1;
			remoteGlobalIDString = D2037C6819DFEE12000C960E;
			remoteInfo = Lunch;
		};
/* End PBXContainerItemProxy section */

/* Begin PBXFileReference section */
		9E10AD9E19E00006006F8B24 /* Bolts.framework */ = {isa = PBXFileReference; lastKnownFileType = wrapper.framework; name = Bolts.framework; path = "../../Downloads/parse-library-1.4.1/Bolts.framework"; sourceTree = "<group>"; };
		9E10ADA019E00034006F8B24 /* Parse.framework */ = {isa = PBXFileReference; lastKnownFileType = wrapper.framework; name = Parse.framework; path = "../../Downloads/parse-library-1.4.1/Parse.framework"; sourceTree = "<group>"; };
		9E10ADA219E0003F006F8B24 /* ParseFacebookUtils.framework */ = {isa = PBXFileReference; lastKnownFileType = wrapper.framework; name = ParseFacebookUtils.framework; path = "../../Downloads/parse-library-1.4.1/ParseFacebookUtils.framework"; sourceTree = "<group>"; };
		9E10ADA419E00072006F8B24 /* AudioToolbox.framework */ = {isa = PBXFileReference; lastKnownFileType = wrapper.framework; name = AudioToolbox.framework; path = System/Library/Frameworks/AudioToolbox.framework; sourceTree = SDKROOT; };
		9E10ADA519E00072006F8B24 /* CFNetwork.framework */ = {isa = PBXFileReference; lastKnownFileType = wrapper.framework; name = CFNetwork.framework; path = System/Library/Frameworks/CFNetwork.framework; sourceTree = SDKROOT; };
		9E10ADA619E00072006F8B24 /* CoreGraphics.framework */ = {isa = PBXFileReference; lastKnownFileType = wrapper.framework; name = CoreGraphics.framework; path = System/Library/Frameworks/CoreGraphics.framework; sourceTree = SDKROOT; };
		9E10ADA719E00072006F8B24 /* CoreLocation.framework */ = {isa = PBXFileReference; lastKnownFileType = wrapper.framework; name = CoreLocation.framework; path = System/Library/Frameworks/CoreLocation.framework; sourceTree = SDKROOT; };
		9E10ADAC19E00098006F8B24 /* libz.dylib */ = {isa = PBXFileReference; lastKnownFileType = "compiled.mach-o.dylib"; name = libz.dylib; path = usr/lib/libz.dylib; sourceTree = SDKROOT; };
		9E10ADAD19E00098006F8B24 /* MobileCoreServices.framework */ = {isa = PBXFileReference; lastKnownFileType = wrapper.framework; name = MobileCoreServices.framework; path = System/Library/Frameworks/MobileCoreServices.framework; sourceTree = SDKROOT; };
		9E10ADAE19E00098006F8B24 /* QuartzCore.framework */ = {isa = PBXFileReference; lastKnownFileType = wrapper.framework; name = QuartzCore.framework; path = System/Library/Frameworks/QuartzCore.framework; sourceTree = SDKROOT; };
		9E10ADAF19E00098006F8B24 /* Security.framework */ = {isa = PBXFileReference; lastKnownFileType = wrapper.framework; name = Security.framework; path = System/Library/Frameworks/Security.framework; sourceTree = SDKROOT; };
		9E10ADB019E00098006F8B24 /* StoreKit.framework */ = {isa = PBXFileReference; lastKnownFileType = wrapper.framework; name = StoreKit.framework; path = System/Library/Frameworks/StoreKit.framework; sourceTree = SDKROOT; };
		9E10ADB119E00098006F8B24 /* SystemConfiguration.framework */ = {isa = PBXFileReference; lastKnownFileType = wrapper.framework; name = SystemConfiguration.framework; path = System/Library/Frameworks/SystemConfiguration.framework; sourceTree = SDKROOT; };
		D2037C6919DFEE12000C960E /* Lunch.app */ = {isa = PBXFileReference; explicitFileType = wrapper.application; includeInIndex = 0; path = Lunch.app; sourceTree = BUILT_PRODUCTS_DIR; };
		D2037C6D19DFEE12000C960E /* Info.plist */ = {isa = PBXFileReference; lastKnownFileType = text.plist.xml; path = Info.plist; sourceTree = "<group>"; };
		D2037C6E19DFEE12000C960E /* main.m */ = {isa = PBXFileReference; lastKnownFileType = sourcecode.c.objc; path = main.m; sourceTree = "<group>"; };
		D2037C7019DFEE12000C960E /* AppDelegate.h */ = {isa = PBXFileReference; lastKnownFileType = sourcecode.c.h; path = AppDelegate.h; sourceTree = "<group>"; };
		D2037C7119DFEE12000C960E /* AppDelegate.m */ = {isa = PBXFileReference; lastKnownFileType = sourcecode.c.objc; path = AppDelegate.m; sourceTree = "<group>"; };
		D2037C7319DFEE12000C960E /* ViewController.h */ = {isa = PBXFileReference; lastKnownFileType = sourcecode.c.h; path = ViewController.h; sourceTree = "<group>"; };
		D2037C7419DFEE12000C960E /* ViewController.m */ = {isa = PBXFileReference; lastKnownFileType = sourcecode.c.objc; path = ViewController.m; sourceTree = "<group>"; };
		D2037C7719DFEE12000C960E /* Base */ = {isa = PBXFileReference; lastKnownFileType = file.storyboard; name = Base; path = Base.lproj/Main.storyboard; sourceTree = "<group>"; };
		D2037C7919DFEE12000C960E /* Images.xcassets */ = {isa = PBXFileReference; lastKnownFileType = folder.assetcatalog; path = Images.xcassets; sourceTree = "<group>"; };
		D2037C7C19DFEE12000C960E /* Base */ = {isa = PBXFileReference; lastKnownFileType = file.xib; name = Base; path = Base.lproj/LaunchScreen.xib; sourceTree = "<group>"; };
		D2037C8219DFEE12000C960E /* LunchTests.xctest */ = {isa = PBXFileReference; explicitFileType = wrapper.cfbundle; includeInIndex = 0; path = LunchTests.xctest; sourceTree = BUILT_PRODUCTS_DIR; };
		D2037C8719DFEE12000C960E /* Info.plist */ = {isa = PBXFileReference; lastKnownFileType = text.plist.xml; path = Info.plist; sourceTree = "<group>"; };
		D2037C8819DFEE12000C960E /* LunchTests.m */ = {isa = PBXFileReference; lastKnownFileType = sourcecode.c.objc; path = LunchTests.m; sourceTree = "<group>"; };
/* End PBXFileReference section */

/* Begin PBXFrameworksBuildPhase section */
		D2037C6619DFEE12000C960E /* Frameworks */ = {
			isa = PBXFrameworksBuildPhase;
			buildActionMask = 2147483647;
			files = (
				9E10ADB219E00098006F8B24 /* libz.dylib in Frameworks */,
				9E10ADB319E00098006F8B24 /* MobileCoreServices.framework in Frameworks */,
				9E10ADB419E00098006F8B24 /* QuartzCore.framework in Frameworks */,
				9E10ADB519E00098006F8B24 /* Security.framework in Frameworks */,
				9E10ADB619E00098006F8B24 /* StoreKit.framework in Frameworks */,
				9E10ADB719E00098006F8B24 /* SystemConfiguration.framework in Frameworks */,
				9E10ADA819E00072006F8B24 /* AudioToolbox.framework in Frameworks */,
				9E10ADA919E00072006F8B24 /* CFNetwork.framework in Frameworks */,
				9E10ADAA19E00072006F8B24 /* CoreGraphics.framework in Frameworks */,
				9E10ADAB19E00072006F8B24 /* CoreLocation.framework in Frameworks */,
				9E10ADA319E0003F006F8B24 /* ParseFacebookUtils.framework in Frameworks */,
				9E10ADA119E00034006F8B24 /* Parse.framework in Frameworks */,
				9E10AD9F19E00006006F8B24 /* Bolts.framework in Frameworks */,
			);
			runOnlyForDeploymentPostprocessing = 0;
		};
		D2037C7F19DFEE12000C960E /* Frameworks */ = {
			isa = PBXFrameworksBuildPhase;
			buildActionMask = 2147483647;
			files = (
			);
			runOnlyForDeploymentPostprocessing = 0;
		};
/* End PBXFrameworksBuildPhase section */

/* Begin PBXGroup section */
		D2037C6019DFEE11000C960E = {
			isa = PBXGroup;
			children = (
				9E10ADAC19E00098006F8B24 /* libz.dylib */,
				9E10ADAD19E00098006F8B24 /* MobileCoreServices.framework */,
				9E10ADAE19E00098006F8B24 /* QuartzCore.framework */,
				9E10ADAF19E00098006F8B24 /* Security.framework */,
				9E10ADB019E00098006F8B24 /* StoreKit.framework */,
				9E10ADB119E00098006F8B24 /* SystemConfiguration.framework */,
				9E10ADA419E00072006F8B24 /* AudioToolbox.framework */,
				9E10ADA519E00072006F8B24 /* CFNetwork.framework */,
				9E10ADA619E00072006F8B24 /* CoreGraphics.framework */,
				9E10ADA719E00072006F8B24 /* CoreLocation.framework */,
				9E10ADA219E0003F006F8B24 /* ParseFacebookUtils.framework */,
				9E10ADA019E00034006F8B24 /* Parse.framework */,
				9E10AD9E19E00006006F8B24 /* Bolts.framework */,
				D2037C6B19DFEE12000C960E /* Lunch */,
				D2037C8519DFEE12000C960E /* LunchTests */,
				D2037C6A19DFEE12000C960E /* Products */,
			);
			sourceTree = "<group>";
		};
		D2037C6A19DFEE12000C960E /* Products */ = {
			isa = PBXGroup;
			children = (
				D2037C6919DFEE12000C960E /* Lunch.app */,
				D2037C8219DFEE12000C960E /* LunchTests.xctest */,
			);
			name = Products;
			sourceTree = "<group>";
		};
		D2037C6B19DFEE12000C960E /* Lunch */ = {
			isa = PBXGroup;
			children = (
				D2037C7019DFEE12000C960E /* AppDelegate.h */,
				D2037C7119DFEE12000C960E /* AppDelegate.m */,
				D2037C7319DFEE12000C960E /* ViewController.h */,
				D2037C7419DFEE12000C960E /* ViewController.m */,
				D2037C7619DFEE12000C960E /* Main.storyboard */,
				D2037C7919DFEE12000C960E /* Images.xcassets */,
				D2037C7B19DFEE12000C960E /* LaunchScreen.xib */,
				D2037C6C19DFEE12000C960E /* Supporting Files */,
			);
			path = Lunch;
			sourceTree = "<group>";
		};
		D2037C6C19DFEE12000C960E /* Supporting Files */ = {
			isa = PBXGroup;
			children = (
				D2037C6D19DFEE12000C960E /* Info.plist */,
				D2037C6E19DFEE12000C960E /* main.m */,
			);
			name = "Supporting Files";
			sourceTree = "<group>";
		};
		D2037C8519DFEE12000C960E /* LunchTests */ = {
			isa = PBXGroup;
			children = (
				D2037C8819DFEE12000C960E /* LunchTests.m */,
				D2037C8619DFEE12000C960E /* Supporting Files */,
			);
			path = LunchTests;
			sourceTree = "<group>";
		};
		D2037C8619DFEE12000C960E /* Supporting Files */ = {
			isa = PBXGroup;
			children = (
				D2037C8719DFEE12000C960E /* Info.plist */,
			);
			name = "Supporting Files";
			sourceTree = "<group>";
		};
/* End PBXGroup section */

/* Begin PBXNativeTarget section */
		D2037C6819DFEE12000C960E /* Lunch */ = {
			isa = PBXNativeTarget;
			buildConfigurationList = D2037C8C19DFEE12000C960E /* Build configuration list for PBXNativeTarget "Lunch" */;
			buildPhases = (
				D2037C6519DFEE12000C960E /* Sources */,
				D2037C6619DFEE12000C960E /* Frameworks */,
				D2037C6719DFEE12000C960E /* Resources */,
			);
			buildRules = (
			);
			dependencies = (
			);
			name = Lunch;
			productName = Lunch;
			productReference = D2037C6919DFEE12000C960E /* Lunch.app */;
			productType = "com.apple.product-type.application";
		};
		D2037C8119DFEE12000C960E /* LunchTests */ = {
			isa = PBXNativeTarget;
			buildConfigurationList = D2037C8F19DFEE12000C960E /* Build configuration list for PBXNativeTarget "LunchTests" */;
			buildPhases = (
				D2037C7E19DFEE12000C960E /* Sources */,
				D2037C7F19DFEE12000C960E /* Frameworks */,
				D2037C8019DFEE12000C960E /* Resources */,
			);
			buildRules = (
			);
			dependencies = (
				D2037C8419DFEE12000C960E /* PBXTargetDependency */,
			);
			name = LunchTests;
			productName = LunchTests;
			productReference = D2037C8219DFEE12000C960E /* LunchTests.xctest */;
			productType = "com.apple.product-type.bundle.unit-test";
		};
/* End PBXNativeTarget section */

/* Begin PBXProject section */
		D2037C6119DFEE11000C960E /* Project object */ = {
			isa = PBXProject;
			attributes = {
				LastUpgradeCheck = 0600;
				ORGANIZATIONNAME = CalHacks;
				TargetAttributes = {
					D2037C6819DFEE12000C960E = {
						CreatedOnToolsVersion = 6.0.1;
					};
					D2037C8119DFEE12000C960E = {
						CreatedOnToolsVersion = 6.0.1;
						TestTargetID = D2037C6819DFEE12000C960E;
					};
				};
			};
			buildConfigurationList = D2037C6419DFEE12000C960E /* Build configuration list for PBXProject "Lunch" */;
			compatibilityVersion = "Xcode 3.2";
			developmentRegion = English;
			hasScannedForEncodings = 0;
			knownRegions = (
				en,
				Base,
			);
			mainGroup = D2037C6019DFEE11000C960E;
			productRefGroup = D2037C6A19DFEE12000C960E /* Products */;
			projectDirPath = "";
			projectRoot = "";
			targets = (
				D2037C6819DFEE12000C960E /* Lunch */,
				D2037C8119DFEE12000C960E /* LunchTests */,
			);
		};
/* End PBXProject section */

/* Begin PBXResourcesBuildPhase section */
		D2037C6719DFEE12000C960E /* Resources */ = {
			isa = PBXResourcesBuildPhase;
			buildActionMask = 2147483647;
			files = (
				D2037C7819DFEE12000C960E /* Main.storyboard in Resources */,
				D2037C7D19DFEE12000C960E /* LaunchScreen.xib in Resources */,
				D2037C7A19DFEE12000C960E /* Images.xcassets in Resources */,
			);
			runOnlyForDeploymentPostprocessing = 0;
		};
		D2037C8019DFEE12000C960E /* Resources */ = {
			isa = PBXResourcesBuildPhase;
			buildActionMask = 2147483647;
			files = (
			);
			runOnlyForDeploymentPostprocessing = 0;
		};
/* End PBXResourcesBuildPhase section */

/* Begin PBXSourcesBuildPhase section */
		D2037C6519DFEE12000C960E /* Sources */ = {
			isa = PBXSourcesBuildPhase;
			buildActionMask = 2147483647;
			files = (
				D2037C7519DFEE12000C960E /* ViewController.m in Sources */,
				D2037C7219DFEE12000C960E /* AppDelegate.m in Sources */,
				D2037C6F19DFEE12000C960E /* main.m in Sources */,
			);
			runOnlyForDeploymentPostprocessing = 0;
		};
		D2037C7E19DFEE12000C960E /* Sources */ = {
			isa = PBXSourcesBuildPhase;
			buildActionMask = 2147483647;
			files = (
				D2037C8919DFEE12000C960E /* LunchTests.m in Sources */,
			);
			runOnlyForDeploymentPostprocessing = 0;
		};
/* End PBXSourcesBuildPhase section */

/* Begin PBXTargetDependency section */
		D2037C8419DFEE12000C960E /* PBXTargetDependency */ = {
			isa = PBXTargetDependency;
			target = D2037C6819DFEE12000C960E /* Lunch */;
			targetProxy = D2037C8319DFEE12000C960E /* PBXContainerItemProxy */;
		};
/* End PBXTargetDependency section */

/* Begin PBXVariantGroup section */
		D2037C7619DFEE12000C960E /* Main.storyboard */ = {
			isa = PBXVariantGroup;
			children = (
				D2037C7719DFEE12000C960E /* Base */,
			);
			name = Main.storyboard;
			sourceTree = "<group>";
		};
		D2037C7B19DFEE12000C960E /* LaunchScreen.xib */ = {
			isa = PBXVariantGroup;
			children = (
				D2037C7C19DFEE12000C960E /* Base */,
			);
			name = LaunchScreen.xib;
			sourceTree = "<group>";
		};
/* End PBXVariantGroup section */

/* Begin XCBuildConfiguration section */
		D2037C8A19DFEE12000C960E /* Debug */ = {
			isa = XCBuildConfiguration;
			buildSettings = {
				ALWAYS_SEARCH_USER_PATHS = NO;
				CLANG_CXX_LANGUAGE_STANDARD = "gnu++0x";
				CLANG_CXX_LIBRARY = "libc++";
				CLANG_ENABLE_MODULES = YES;
				CLANG_ENABLE_OBJC_ARC = YES;
				CLANG_WARN_BOOL_CONVERSION = YES;
				CLANG_WARN_CONSTANT_CONVERSION = YES;
				CLANG_WARN_DIRECT_OBJC_ISA_USAGE = YES_ERROR;
				CLANG_WARN_EMPTY_BODY = YES;
				CLANG_WARN_ENUM_CONVERSION = YES;
				CLANG_WARN_INT_CONVERSION = YES;
				CLANG_WARN_OBJC_ROOT_CLASS = YES_ERROR;
				CLANG_WARN_UNREACHABLE_CODE = YES;
				CLANG_WARN__DUPLICATE_METHOD_MATCH = YES;
				"CODE_SIGN_IDENTITY[sdk=iphoneos*]" = "iPhone Developer";
				COPY_PHASE_STRIP = NO;
				ENABLE_STRICT_OBJC_MSGSEND = YES;
				GCC_C_LANGUAGE_STANDARD = gnu99;
				GCC_DYNAMIC_NO_PIC = NO;
				GCC_OPTIMIZATION_LEVEL = 0;
				GCC_PREPROCESSOR_DEFINITIONS = (
					"DEBUG=1",
					"$(inherited)",
				);
				GCC_SYMBOLS_PRIVATE_EXTERN = NO;
				GCC_WARN_64_TO_32_BIT_CONVERSION = YES;
				GCC_WARN_ABOUT_RETURN_TYPE = YES_ERROR;
				GCC_WARN_UNDECLARED_SELECTOR = YES;
				GCC_WARN_UNINITIALIZED_AUTOS = YES_AGGRESSIVE;
				GCC_WARN_UNUSED_FUNCTION = YES;
				GCC_WARN_UNUSED_VARIABLE = YES;
				IPHONEOS_DEPLOYMENT_TARGET = 8.0;
				MTL_ENABLE_DEBUG_INFO = YES;
				ONLY_ACTIVE_ARCH = YES;
				SDKROOT = iphoneos;
			};
			name = Debug;
		};
		D2037C8B19DFEE12000C960E /* Release */ = {
			isa = XCBuildConfiguration;
			buildSettings = {
				ALWAYS_SEARCH_USER_PATHS = NO;
				CLANG_CXX_LANGUAGE_STANDARD = "gnu++0x";
				CLANG_CXX_LIBRARY = "libc++";
				CLANG_ENABLE_MODULES = YES;
				CLANG_ENABLE_OBJC_ARC = YES;
				CLANG_WARN_BOOL_CONVERSION = YES;
				CLANG_WARN_CONSTANT_CONVERSION = YES;
				CLANG_WARN_DIRECT_OBJC_ISA_USAGE = YES_ERROR;
				CLANG_WARN_EMPTY_BODY = YES;
				CLANG_WARN_ENUM_CONVERSION = YES;
				CLANG_WARN_INT_CONVERSION = YES;
				CLANG_WARN_OBJC_ROOT_CLASS = YES_ERROR;
				CLANG_WARN_UNREACHABLE_CODE = YES;
				CLANG_WARN__DUPLICATE_METHOD_MATCH = YES;
				"CODE_SIGN_IDENTITY[sdk=iphoneos*]" = "iPhone Developer";
				COPY_PHASE_STRIP = YES;
				ENABLE_NS_ASSERTIONS = NO;
				ENABLE_STRICT_OBJC_MSGSEND = YES;
				GCC_C_LANGUAGE_STANDARD = gnu99;
				GCC_WARN_64_TO_32_BIT_CONVERSION = YES;
				GCC_WARN_ABOUT_RETURN_TYPE = YES_ERROR;
				GCC_WARN_UNDECLARED_SELECTOR = YES;
				GCC_WARN_UNINITIALIZED_AUTOS = YES_AGGRESSIVE;
				GCC_WARN_UNUSED_FUNCTION = YES;
				GCC_WARN_UNUSED_VARIABLE = YES;
				IPHONEOS_DEPLOYMENT_TARGET = 8.0;
				MTL_ENABLE_DEBUG_INFO = NO;
				SDKROOT = iphoneos;
				VALIDATE_PRODUCT = YES;
			};
			name = Release;
		};
		D2037C8D19DFEE12000C960E /* Debug */ = {
			isa = XCBuildConfiguration;
			buildSettings = {
				ASSETCATALOG_COMPILER_APPICON_NAME = AppIcon;
				FRAMEWORK_SEARCH_PATHS = (
					"$(inherited)",
					"/Users/zhawtof/Downloads/parse-library-1.4.1",
				);
				INFOPLIST_FILE = Lunch/Info.plist;
				LD_RUNPATH_SEARCH_PATHS = "$(inherited) @executable_path/Frameworks";
				PRODUCT_NAME = "$(TARGET_NAME)";
			};
			name = Debug;
		};
		D2037C8E19DFEE12000C960E /* Release */ = {
			isa = XCBuildConfiguration;
			buildSettings = {
				ASSETCATALOG_COMPILER_APPICON_NAME = AppIcon;
				FRAMEWORK_SEARCH_PATHS = (
					"$(inherited)",
					"/Users/zhawtof/Downloads/parse-library-1.4.1",
				);
				INFOPLIST_FILE = Lunch/Info.plist;
				LD_RUNPATH_SEARCH_PATHS = "$(inherited) @executable_path/Frameworks";
				PRODUCT_NAME = "$(TARGET_NAME)";
			};
			name = Release;
		};
		D2037C9019DFEE12000C960E /* Debug */ = {
			isa = XCBuildConfiguration;
			buildSettings = {
				BUNDLE_LOADER = "$(TEST_HOST)";
				FRAMEWORK_SEARCH_PATHS = (
					"$(SDKROOT)/Developer/Library/Frameworks",
					"$(inherited)",
				);
				GCC_PREPROCESSOR_DEFINITIONS = (
					"DEBUG=1",
					"$(inherited)",
				);
				INFOPLIST_FILE = LunchTests/Info.plist;
				LD_RUNPATH_SEARCH_PATHS = "$(inherited) @executable_path/Frameworks @loader_path/Frameworks";
				PRODUCT_NAME = "$(TARGET_NAME)";
				TEST_HOST = "$(BUILT_PRODUCTS_DIR)/Lunch.app/Lunch";
			};
			name = Debug;
		};
		D2037C9119DFEE12000C960E /* Release */ = {
			isa = XCBuildConfiguration;
			buildSettings = {
				BUNDLE_LOADER = "$(TEST_HOST)";
				FRAMEWORK_SEARCH_PATHS = (
					"$(SDKROOT)/Developer/Library/Frameworks",
					"$(inherited)",
				);
				INFOPLIST_FILE = LunchTests/Info.plist;
				LD_RUNPATH_SEARCH_PATHS = "$(inherited) @executable_path/Frameworks @loader_path/Frameworks";
				PRODUCT_NAME = "$(TARGET_NAME)";
				TEST_HOST = "$(BUILT_PRODUCTS_DIR)/Lunch.app/Lunch";
			};
			name = Release;
		};
/* End XCBuildConfiguration section */

/* Begin XCConfigurationList section */
		D2037C6419DFEE12000C960E /* Build configuration list for PBXProject "Lunch" */ = {
			isa = XCConfigurationList;
			buildConfigurations = (
				D2037C8A19DFEE12000C960E /* Debug */,
				D2037C8B19DFEE12000C960E /* Release */,
			);
			defaultConfigurationIsVisible = 0;
			defaultConfigurationName = Release;
		};
		D2037C8C19DFEE12000C960E /* Build configuration list for PBXNativeTarget "Lunch" */ = {
			isa = XCConfigurationList;
			buildConfigurations = (
				D2037C8D19DFEE12000C960E /* Debug */,
				D2037C8E19DFEE12000C960E /* Release */,
			);
			defaultConfigurationIsVisible = 0;
			defaultConfigurationName = Release;
		};
		D2037C8F19DFEE12000C960E /* Build configuration list for PBXNativeTarget "LunchTests" */ = {
			isa = XCConfigurationList;
			buildConfigurations = (
				D2037C9019DFEE12000C960E /* Debug */,
				D2037C9119DFEE12000C960E /* Release */,
			);
			defaultConfigurationIsVisible = 0;
			defaultConfigurationName = Release;
		};
/* End XCConfigurationList section */
	};
	rootObject = D2037C6119DFEE11000C960E /* Project object */;
}
